
Microsoft Visual Studio Solution File, Format Version 12.00
# Visual Studio 14
VisualStudioVersion = 14.0.25123.0
MinimumVisualStudioVersion = 10.0.40219.1
Project("{FAE04EC0-301F-11D3-BF4B-00C04F79EFBC}") = "Cope_Captchas", "Cope_Captchas\Cope_Captchas.csproj", "{B27BB368-C7B3-4BA9-B8A7-E52CAFED608D}"
EndProject
Global
	GlobalSection(SolutionConfigurationPlatforms) = preSolution
		Debug|Any CPU = Debug|Any CPU
		Release|Any CPU = Release|Any CPU
	EndGlobalSection
	GlobalSection(ProjectConfigurationPlatforms) = postSolution
		{B27BB368-C7B3-4BA9-B8A7-E52CAFED608D}.Debug|Any CPU.ActiveCfg = Debug|Any CPU
		{B27BB368-C7B3-4BA9-B8A7-E52CAFED608D}.Debug|Any CPU.Build.0 = Debug|Any CPU
		{B27BB368-C7B3-4BA9-B8A7-E52CAFED608D}.Release|Any CPU.ActiveCfg = Release|Any CPU
		{B27BB368-C7B3-4BA9-B8A7-E52CAFED608D}.Release|Any CPU.Build.0 = Release|Any CPU
	EndGlobalSection
	GlobalSection(SolutionProperties) = preSolution
		HideSolutionNode = FALSE
	EndGlobalSection
EndGlobal
